
Microsoft Visual Studio Solution File, Format Version 12.00
# Visual Studio Version 17
VisualStudioVersion = 17.13.35825.156 d17.13
MinimumVisualStudioVersion = 10.0.40219.1
Project("{FAE04EC0-301F-11D3-BF4B-00C04F79EFBC}") = "ProvaCSharp01", "ProvaCSharp01\ProvaCSharp01.csproj", "{C7211C8A-BFC9-4F50-A144-4251B1150D5A}"
EndProject
Global
	GlobalSection(SolutionConfigurationPlatforms) = preSolution
		Debug|Any CPU = Debug|Any CPU
		Release|Any CPU = Release|Any CPU
	EndGlobalSection
	GlobalSection(ProjectConfigurationPlatforms) = postSolution
		{C7211C8A-BFC9-4F50-A144-4251B1150D5A}.Debug|Any CPU.ActiveCfg = Debug|Any CPU
		{C7211C8A-BFC9-4F50-A144-4251B1150D5A}.Debug|Any CPU.Build.0 = Debug|Any CPU
		{C7211C8A-BFC9-4F50-A144-4251B1150D5A}.Release|Any CPU.ActiveCfg = Release|Any CPU
		{C7211C8A-BFC9-4F50-A144-4251B1150D5A}.Release|Any CPU.Build.0 = Release|Any CPU
	EndGlobalSection
	GlobalSection(SolutionProperties) = preSolution
		HideSolutionNode = FALSE
	EndGlobalSection
	GlobalSection(ExtensibilityGlobals) = postSolution
		SolutionGuid = {814D23DE-9CEB-4A78-810E-DF5AA72C207B}
	EndGlobalSection
EndGlobal
